// !$*UTF8*$!
{
	archiveVersion = 1;
	classes = {
	};
	objectVersion = 56;
	objects = {

/* Begin PBXBuildFile section */
		9CB1849A2AF62BAF00FAEE49 /* main.cpp in Sources */ = {isa = PBXBuildFile; fileRef = 9CB184992AF62BAF00FAEE49 /* main.cpp */; };
		9CB184A92AF62BF100FAEE49 /* Graph.cpp in Sources */ = {isa = PBXBuildFile; fileRef = 9CB184A52AF62BF100FAEE49 /* Graph.cpp */; };
		9CB184AB2AF62BF100FAEE49 /* simpleLinkedListTemplate.cpp in Sources */ = {isa = PBXBuildFile; fileRef = 9CB184A72AF62BF100FAEE49 /* simpleLinkedListTemplate.cpp */; };
/* End PBXBuildFile section */

/* Begin PBXCopyFilesBuildPhase section */
		9CB184942AF62BAF00FAEE49 /* CopyFiles */ = {
			isa = PBXCopyFilesBuildPhase;
			buildActionMask = 2147483647;
			dstPath = /usr/share/man/man1/;
			dstSubfolderSpec = 0;
			files = (
			);
			runOnlyForDeploymentPostprocessing = 1;
		};
/* End PBXCopyFilesBuildPhase section */

/* Begin PBXFileReference section */
		9CB184962AF62BAF00FAEE49 /* Assingment 5 */ = {isa = PBXFileReference; explicitFileType = "compiled.mach-o.executable"; includeInIndex = 0; path = "Assingment 5"; sourceTree = BUILT_PRODUCTS_DIR; };
		9CB184992AF62BAF00FAEE49 /* main.cpp */ = {isa = PBXFileReference; lastKnownFileType = sourcecode.cpp.cpp; path = main.cpp; sourceTree = "<group>"; };
		9CB184A02AF62BF100FAEE49 /* example1.txt */ = {isa = PBXFileReference; fileEncoding = 4; lastKnownFileType = text; path = example1.txt; sourceTree = "<group>"; };
		9CB184A12AF62BF100FAEE49 /* example2.txt */ = {isa = PBXFileReference; fileEncoding = 4; lastKnownFileType = text; path = example2.txt; sourceTree = "<group>"; };
		9CB184A22AF62BF100FAEE49 /* example3.txt */ = {isa = PBXFileReference; fileEncoding = 4; lastKnownFileType = text; path = example3.txt; sourceTree = "<group>"; };
		9CB184A32AF62BF100FAEE49 /* Graph.h */ = {isa = PBXFileReference; fileEncoding = 4; lastKnownFileType = sourcecode.c.h; path = Graph.h; sourceTree = "<group>"; };
		9CB184A42AF62BF100FAEE49 /* example4.txt */ = {isa = PBXFileReference; fileEncoding = 4; lastKnownFileType = text; path = example4.txt; sourceTree = "<group>"; };
		9CB184A52AF62BF100FAEE49 /* Graph.cpp */ = {isa = PBXFileReference; fileEncoding = 4; lastKnownFileType = sourcecode.cpp.cpp; path = Graph.cpp; sourceTree = "<group>"; };
		9CB184A72AF62BF100FAEE49 /* simpleLinkedListTemplate.cpp */ = {isa = PBXFileReference; fileEncoding = 4; lastKnownFileType = sourcecode.cpp.cpp; path = simpleLinkedListTemplate.cpp; sourceTree = "<group>"; };
		9CB184A82AF62BF100FAEE49 /* simpleLinkedListTemplate.h */ = {isa = PBXFileReference; fileEncoding = 4; lastKnownFileType = sourcecode.c.h; path = simpleLinkedListTemplate.h; sourceTree = "<group>"; };
		9CB184AD2AF62CBC00FAEE49 /* heap.hpp */ = {isa = PBXFileReference; fileEncoding = 4; lastKnownFileType = sourcecode.cpp.h; path = heap.hpp; sourceTree = "<group>"; };
		9CB184AE2AF62CBC00FAEE49 /* heap.h */ = {isa = PBXFileReference; fileEncoding = 4; lastKnownFileType = sourcecode.c.h; path = heap.h; sourceTree = "<group>"; };
/* End PBXFileReference section */

/* Begin PBXFrameworksBuildPhase section */
		9CB184932AF62BAF00FAEE49 /* Frameworks */ = {
			isa = PBXFrameworksBuildPhase;
			buildActionMask = 2147483647;
			files = (
			);
			runOnlyForDeploymentPostprocessing = 0;
		};
/* End PBXFrameworksBuildPhase section */

/* Begin PBXGroup section */
		9CB1848D2AF62BAF00FAEE49 = {
			isa = PBXGroup;
			children = (
				9CB184A02AF62BF100FAEE49 /* example1.txt */,
				9CB184A12AF62BF100FAEE49 /* example2.txt */,
				9CB184A22AF62BF100FAEE49 /* example3.txt */,
				9CB184A42AF62BF100FAEE49 /* example4.txt */,
				9CB184A52AF62BF100FAEE49 /* Graph.cpp */,
				9CB184AE2AF62CBC00FAEE49 /* heap.h */,
				9CB184AD2AF62CBC00FAEE49 /* heap.hpp */,
				9CB184A32AF62BF100FAEE49 /* Graph.h */,
				9CB184992AF62BAF00FAEE49 /* main.cpp */,
				9CB184A72AF62BF100FAEE49 /* simpleLinkedListTemplate.cpp */,
				9CB184A82AF62BF100FAEE49 /* simpleLinkedListTemplate.h */,
				9CB184972AF62BAF00FAEE49 /* Products */,
			);
			sourceTree = "<group>";
		};
		9CB184972AF62BAF00FAEE49 /* Products */ = {
			isa = PBXGroup;
			children = (
				9CB184962AF62BAF00FAEE49 /* Assingment 5 */,
			);
			name = Products;
			sourceTree = "<group>";
		};
/* End PBXGroup section */

/* Begin PBXNativeTarget section */
		9CB184952AF62BAF00FAEE49 /* Assingment 5 */ = {
			isa = PBXNativeTarget;
			buildConfigurationList = 9CB1849D2AF62BAF00FAEE49 /* Build configuration list for PBXNativeTarget "Assingment 5" */;
			buildPhases = (
				9CB184922AF62BAF00FAEE49 /* Sources */,
				9CB184932AF62BAF00FAEE49 /* Frameworks */,
				9CB184942AF62BAF00FAEE49 /* CopyFiles */,
			);
			buildRules = (
			);
			dependencies = (
			);
			name = "Assingment 5";
			productName = "Assingment 5";
			productReference = 9CB184962AF62BAF00FAEE49 /* Assingment 5 */;
			productType = "com.apple.product-type.tool";
		};
/* End PBXNativeTarget section */

/* Begin PBXProject section */
		9CB1848E2AF62BAF00FAEE49 /* Project object */ = {
			isa = PBXProject;
			attributes = {
				BuildIndependentTargetsInParallel = 1;
				LastUpgradeCheck = 1500;
				TargetAttributes = {
					9CB184952AF62BAF00FAEE49 = {
						CreatedOnToolsVersion = 15.0.1;
					};
				};
			};
			buildConfigurationList = 9CB184912AF62BAF00FAEE49 /* Build configuration list for PBXProject "Assingment 5" */;
			compatibilityVersion = "Xcode 14.0";
			developmentRegion = en;
			hasScannedForEncodings = 0;
			knownRegions = (
				en,
				Base,
			);
			mainGroup = 9CB1848D2AF62BAF00FAEE49;
			productRefGroup = 9CB184972AF62BAF00FAEE49 /* Products */;
			projectDirPath = "";
			projectRoot = "";
			targets = (
				9CB184952AF62BAF00FAEE49 /* Assingment 5 */,
			);
		};
/* End PBXProject section */

/* Begin PBXSourcesBuildPhase section */
		9CB184922AF62BAF00FAEE49 /* Sources */ = {
			isa = PBXSourcesBuildPhase;
			buildActionMask = 2147483647;
			files = (
				9CB184A92AF62BF100FAEE49 /* Graph.cpp in Sources */,
				9CB1849A2AF62BAF00FAEE49 /* main.cpp in Sources */,
				9CB184AB2AF62BF100FAEE49 /* simpleLinkedListTemplate.cpp in Sources */,
			);
			runOnlyForDeploymentPostprocessing = 0;
		};
/* End PBXSourcesBuildPhase section */

/* Begin XCBuildConfiguration section */
		9CB1849B2AF62BAF00FAEE49 /* Debug */ = {
			isa = XCBuildConfiguration;
			buildSettings = {
				ALWAYS_SEARCH_USER_PATHS = NO;
				ASSETCATALOG_COMPILER_GENERATE_SWIFT_ASSET_SYMBOL_EXTENSIONS = YES;
				CLANG_ANALYZER_NONNULL = YES;
				CLANG_ANALYZER_NUMBER_OBJECT_CONVERSION = YES_AGGRESSIVE;
				CLANG_CXX_LANGUAGE_STANDARD = "gnu++20";
				CLANG_ENABLE_MODULES = YES;
				CLANG_ENABLE_OBJC_ARC = YES;
				CLANG_ENABLE_OBJC_WEAK = YES;
				CLANG_WARN_BLOCK_CAPTURE_AUTORELEASING = YES;
				CLANG_WARN_BOOL_CONVERSION = YES;
				CLANG_WARN_COMMA = YES;
				CLANG_WARN_CONSTANT_CONVERSION = YES;
				CLANG_WARN_DEPRECATED_OBJC_IMPLEMENTATIONS = YES;
				CLANG_WARN_DIRECT_OBJC_ISA_USAGE = YES_ERROR;
				CLANG_WARN_DOCUMENTATION_COMMENTS = YES;
				CLANG_WARN_EMPTY_BODY = YES;
				CLANG_WARN_ENUM_CONVERSION = YES;
				CLANG_WARN_INFINITE_RECURSION = YES;
				CLANG_WARN_INT_CONVERSION = YES;
				CLANG_WARN_NON_LITERAL_NULL_CONVERSION = YES;
				CLANG_WARN_OBJC_IMPLICIT_RETAIN_SELF = YES;
				CLANG_WARN_OBJC_LITERAL_CONVERSION = YES;
				CLANG_WARN_OBJC_ROOT_CLASS = YES_ERROR;
				CLANG_WARN_QUOTED_INCLUDE_IN_FRAMEWORK_HEADER = YES;
				CLANG_WARN_RANGE_LOOP_ANALYSIS = YES;
				CLANG_WARN_STRICT_PROTOTYPES = YES;
				CLANG_WARN_SUSPICIOUS_MOVE = YES;
				CLANG_WARN_UNGUARDED_AVAILABILITY = YES_AGGRESSIVE;
				CLANG_WARN_UNREACHABLE_CODE = YES;
				CLANG_WARN__DUPLICATE_METHOD_MATCH = YES;
				COPY_PHASE_STRIP = NO;
				DEBUG_INFORMATION_FORMAT = dwarf;
				ENABLE_STRICT_OBJC_MSGSEND = YES;
				ENABLE_TESTABILITY = YES;
				ENABLE_USER_SCRIPT_SANDBOXING = YES;
				GCC_C_LANGUAGE_STANDARD = gnu17;
				GCC_DYNAMIC_NO_PIC = NO;
				GCC_NO_COMMON_BLOCKS = YES;
				GCC_OPTIMIZATION_LEVEL = 0;
				GCC_PREPROCESSOR_DEFINITIONS = (
					"DEBUG=1",
					"$(inherited)",
				);
				GCC_WARN_64_TO_32_BIT_CONVERSION = YES;
				GCC_WARN_ABOUT_RETURN_TYPE = YES_ERROR;
				GCC_WARN_UNDECLARED_SELECTOR = YES;
				GCC_WARN_UNINITIALIZED_AUTOS = YES_AGGRESSIVE;
				GCC_WARN_UNUSED_FUNCTION = YES;
				GCC_WARN_UNUSED_VARIABLE = YES;
				LOCALIZATION_PREFERS_STRING_CATALOGS = YES;
				MACOSX_DEPLOYMENT_TARGET = 14.0;
				MTL_ENABLE_DEBUG_INFO = INCLUDE_SOURCE;
				MTL_FAST_MATH = YES;
				ONLY_ACTIVE_ARCH = YES;
				SDKROOT = macosx;
			};
			name = Debug;
		};
		9CB1849C2AF62BAF00FAEE49 /* Release */ = {
			isa = XCBuildConfiguration;
			buildSettings = {
				ALWAYS_SEARCH_USER_PATHS = NO;
				ASSETCATALOG_COMPILER_GENERATE_SWIFT_ASSET_SYMBOL_EXTENSIONS = YES;
				CLANG_ANALYZER_NONNULL = YES;
				CLANG_ANALYZER_NUMBER_OBJECT_CONVERSION = YES_AGGRESSIVE;
				CLANG_CXX_LANGUAGE_STANDARD = "gnu++20";
				CLANG_ENABLE_MODULES = YES;
				CLANG_ENABLE_OBJC_ARC = YES;
				CLANG_ENABLE_OBJC_WEAK = YES;
				CLANG_WARN_BLOCK_CAPTURE_AUTORELEASING = YES;
				CLANG_WARN_BOOL_CONVERSION = YES;
				CLANG_WARN_COMMA = YES;
				CLANG_WARN_CONSTANT_CONVERSION = YES;
				CLANG_WARN_DEPRECATED_OBJC_IMPLEMENTATIONS = YES;
				CLANG_WARN_DIRECT_OBJC_ISA_USAGE = YES_ERROR;
				CLANG_WARN_DOCUMENTATION_COMMENTS = YES;
				CLANG_WARN_EMPTY_BODY = YES;
				CLANG_WARN_ENUM_CONVERSION = YES;
				CLANG_WARN_INFINITE_RECURSION = YES;
				CLANG_WARN_INT_CONVERSION = YES;
				CLANG_WARN_NON_LITERAL_NULL_CONVERSION = YES;
				CLANG_WARN_OBJC_IMPLICIT_RETAIN_SELF = YES;
				CLANG_WARN_OBJC_LITERAL_CONVERSION = YES;
				CLANG_WARN_OBJC_ROOT_CLASS = YES_ERROR;
				CLANG_WARN_QUOTED_INCLUDE_IN_FRAMEWORK_HEADER = YES;
				CLANG_WARN_RANGE_LOOP_ANALYSIS = YES;
				CLANG_WARN_STRICT_PROTOTYPES = YES;
				CLANG_WARN_SUSPICIOUS_MOVE = YES;
				CLANG_WARN_UNGUARDED_AVAILABILITY = YES_AGGRESSIVE;
				CLANG_WARN_UNREACHABLE_CODE = YES;
				CLANG_WARN__DUPLICATE_METHOD_MATCH = YES;
				COPY_PHASE_STRIP = NO;
				DEBUG_INFORMATION_FORMAT = "dwarf-with-dsym";
				ENABLE_NS_ASSERTIONS = NO;
				ENABLE_STRICT_OBJC_MSGSEND = YES;
				ENABLE_USER_SCRIPT_SANDBOXING = YES;
				GCC_C_LANGUAGE_STANDARD = gnu17;
				GCC_NO_COMMON_BLOCKS = YES;
				GCC_WARN_64_TO_32_BIT_CONVERSION = YES;
				GCC_WARN_ABOUT_RETURN_TYPE = YES_ERROR;
				GCC_WARN_UNDECLARED_SELECTOR = YES;
				GCC_WARN_UNINITIALIZED_AUTOS = YES_AGGRESSIVE;
				GCC_WARN_UNUSED_FUNCTION = YES;
				GCC_WARN_UNUSED_VARIABLE = YES;
				LOCALIZATION_PREFERS_STRING_CATALOGS = YES;
				MACOSX_DEPLOYMENT_TARGET = 14.0;
				MTL_ENABLE_DEBUG_INFO = NO;
				MTL_FAST_MATH = YES;
				SDKROOT = macosx;
			};
			name = Release;
		};
		9CB1849E2AF62BAF00FAEE49 /* Debug */ = {
			isa = XCBuildConfiguration;
			buildSettings = {
				CODE_SIGN_STYLE = Automatic;
				PRODUCT_NAME = "$(TARGET_NAME)";
			};
			name = Debug;
		};
		9CB1849F2AF62BAF00FAEE49 /* Release */ = {
			isa = XCBuildConfiguration;
			buildSettings = {
				CODE_SIGN_STYLE = Automatic;
				PRODUCT_NAME = "$(TARGET_NAME)";
			};
			name = Release;
		};
/* End XCBuildConfiguration section */

/* Begin XCConfigurationList section */
		9CB184912AF62BAF00FAEE49 /* Build configuration list for PBXProject "Assingment 5" */ = {
			isa = XCConfigurationList;
			buildConfigurations = (
				9CB1849B2AF62BAF00FAEE49 /* Debug */,
				9CB1849C2AF62BAF00FAEE49 /* Release */,
			);
			defaultConfigurationIsVisible = 0;
			defaultConfigurationName = Release;
		};
		9CB1849D2AF62BAF00FAEE49 /* Build configuration list for PBXNativeTarget "Assingment 5" */ = {
			isa = XCConfigurationList;
			buildConfigurations = (
				9CB1849E2AF62BAF00FAEE49 /* Debug */,
				9CB1849F2AF62BAF00FAEE49 /* Release */,
			);
			defaultConfigurationIsVisible = 0;
			defaultConfigurationName = Release;
		};
/* End XCConfigurationList section */
	};
	rootObject = 9CB1848E2AF62BAF00FAEE49 /* Project object */;
}
